// !$*UTF8*$!
{
	archiveVersion = 1;
	classes = {
	};
	objectVersion = 48;
	objects = {

/* Begin PBXBuildFile section */
		D7C9ABB9201F3B4400E1546C /* AppDelegate.swift in Sources */ = {isa = PBXBuildFile; fileRef = D7C9ABB8201F3B4400E1546C /* AppDelegate.swift */; };
		D7C9ABBB201F3B4400E1546C /* SampleViewController.swift in Sources */ = {isa = PBXBuildFile; fileRef = D7C9ABBA201F3B4400E1546C /* SampleViewController.swift */; };
		D7C9ABC0201F3B4400E1546C /* Assets.xcassets in Resources */ = {isa = PBXBuildFile; fileRef = D7C9ABBF201F3B4400E1546C /* Assets.xcassets */; };
		D7C9ABC3201F3B4400E1546C /* LaunchScreen.storyboard in Resources */ = {isa = PBXBuildFile; fileRef = D7C9ABC1201F3B4400E1546C /* LaunchScreen.storyboard */; };
		D7C9ABCE201F3B4500E1546C /* SearchHistoryMediatorTests.swift in Sources */ = {isa = PBXBuildFile; fileRef = D7C9ABCD201F3B4500E1546C /* SearchHistoryMediatorTests.swift */; };
		D7C9ABD9201F3BD300E1546C /* SearchHistoryMediator.swift in Sources */ = {isa = PBXBuildFile; fileRef = D7C9ABD8201F3BD300E1546C /* SearchHistoryMediator.swift */; };
		D7D59E4220206C5F00F4AA96 /* SeachHistoryView.swift in Sources */ = {isa = PBXBuildFile; fileRef = D7D59E4120206C5F00F4AA96 /* SeachHistoryView.swift */; };
		D7D59E4420206CDA00F4AA96 /* SearchHistoryViewTests.swift in Sources */ = {isa = PBXBuildFile; fileRef = D7D59E4320206CDA00F4AA96 /* SearchHistoryViewTests.swift */; };
		D7D59E462020739300F4AA96 /* InMemoryHistoryRepositoryTests.swift in Sources */ = {isa = PBXBuildFile; fileRef = D7D59E452020739300F4AA96 /* InMemoryHistoryRepositoryTests.swift */; };
		D7D59E48202073F500F4AA96 /* InMemoryHistoryRepository.swift in Sources */ = {isa = PBXBuildFile; fileRef = D7D59E47202073F500F4AA96 /* InMemoryHistoryRepository.swift */; };
		D7D59E4A2020768800F4AA96 /* SampleViewControllerTests.swift in Sources */ = {isa = PBXBuildFile; fileRef = D7D59E492020768800F4AA96 /* SampleViewControllerTests.swift */; };
/* End PBXBuildFile section */

/* Begin PBXContainerItemProxy section */
		D7C9ABCA201F3B4500E1546C /* PBXContainerItemProxy */ = {
			isa = PBXContainerItemProxy;
			containerPortal = D7C9ABAD201F3B4400E1546C /* Project object */;
			proxyType = 1;
			remoteGlobalIDString = D7C9ABB4201F3B4400E1546C;
			remoteInfo = Mediator;
		};
/* End PBXContainerItemProxy section */

/* Begin PBXFileReference section */
		D7C9ABB5201F3B4400E1546C /* SearchHistoryMediator.app */ = {isa = PBXFileReference; explicitFileType = wrapper.application; includeInIndex = 0; path = SearchHistoryMediator.app; sourceTree = BUILT_PRODUCTS_DIR; };
		D7C9ABB8201F3B4400E1546C /* AppDelegate.swift */ = {isa = PBXFileReference; lastKnownFileType = sourcecode.swift; path = AppDelegate.swift; sourceTree = "<group>"; };
		D7C9ABBA201F3B4400E1546C /* SampleViewController.swift */ = {isa = PBXFileReference; lastKnownFileType = sourcecode.swift; path = SampleViewController.swift; sourceTree = "<group>"; };
		D7C9ABBF201F3B4400E1546C /* Assets.xcassets */ = {isa = PBXFileReference; lastKnownFileType = folder.assetcatalog; path = Assets.xcassets; sourceTree = "<group>"; };
		D7C9ABC2201F3B4400E1546C /* Base */ = {isa = PBXFileReference; lastKnownFileType = file.storyboard; name = Base; path = Base.lproj/LaunchScreen.storyboard; sourceTree = "<group>"; };
		D7C9ABC4201F3B4400E1546C /* Info.plist */ = {isa = PBXFileReference; lastKnownFileType = text.plist.xml; path = Info.plist; sourceTree = "<group>"; };
		D7C9ABC9201F3B4500E1546C /* SearchHistoryMediatorTests.xctest */ = {isa = PBXFileReference; explicitFileType = wrapper.cfbundle; includeInIndex = 0; path = SearchHistoryMediatorTests.xctest; sourceTree = BUILT_PRODUCTS_DIR; };
		D7C9ABCD201F3B4500E1546C /* SearchHistoryMediatorTests.swift */ = {isa = PBXFileReference; lastKnownFileType = sourcecode.swift; path = SearchHistoryMediatorTests.swift; sourceTree = "<group>"; };
		D7C9ABCF201F3B4500E1546C /* Info.plist */ = {isa = PBXFileReference; lastKnownFileType = text.plist.xml; path = Info.plist; sourceTree = "<group>"; };
		D7C9ABD8201F3BD300E1546C /* SearchHistoryMediator.swift */ = {isa = PBXFileReference; lastKnownFileType = sourcecode.swift; path = SearchHistoryMediator.swift; sourceTree = "<group>"; };
		D7D59E4120206C5F00F4AA96 /* SeachHistoryView.swift */ = {isa = PBXFileReference; lastKnownFileType = sourcecode.swift; path = SeachHistoryView.swift; sourceTree = "<group>"; };
		D7D59E4320206CDA00F4AA96 /* SearchHistoryViewTests.swift */ = {isa = PBXFileReference; lastKnownFileType = sourcecode.swift; path = SearchHistoryViewTests.swift; sourceTree = "<group>"; };
		D7D59E452020739300F4AA96 /* InMemoryHistoryRepositoryTests.swift */ = {isa = PBXFileReference; lastKnownFileType = sourcecode.swift; path = InMemoryHistoryRepositoryTests.swift; sourceTree = "<group>"; };
		D7D59E47202073F500F4AA96 /* InMemoryHistoryRepository.swift */ = {isa = PBXFileReference; lastKnownFileType = sourcecode.swift; path = InMemoryHistoryRepository.swift; sourceTree = "<group>"; };
		D7D59E492020768800F4AA96 /* SampleViewControllerTests.swift */ = {isa = PBXFileReference; lastKnownFileType = sourcecode.swift; path = SampleViewControllerTests.swift; sourceTree = "<group>"; };
/* End PBXFileReference section */

/* Begin PBXFrameworksBuildPhase section */
		D7C9ABB2201F3B4400E1546C /* Frameworks */ = {
			isa = PBXFrameworksBuildPhase;
			buildActionMask = 2147483647;
			files = (
			);
			runOnlyForDeploymentPostprocessing = 0;
		};
		D7C9ABC6201F3B4500E1546C /* Frameworks */ = {
			isa = PBXFrameworksBuildPhase;
			buildActionMask = 2147483647;
			files = (
			);
			runOnlyForDeploymentPostprocessing = 0;
		};
/* End PBXFrameworksBuildPhase section */

/* Begin PBXGroup section */
		D75425762020B59E007E0811 /* Supporting Files */ = {
			isa = PBXGroup;
			children = (
				D7C9ABBF201F3B4400E1546C /* Assets.xcassets */,
				D7C9ABC1201F3B4400E1546C /* LaunchScreen.storyboard */,
				D7C9ABC4201F3B4400E1546C /* Info.plist */,
			);
			path = "Supporting Files";
			sourceTree = "<group>";
		};
		D7C9ABAC201F3B4400E1546C = {
			isa = PBXGroup;
			children = (
				D7C9ABB7201F3B4400E1546C /* SearchHistoryMediator */,
				D7C9ABCC201F3B4500E1546C /* SearchHistoryMediatorTests */,
				D7C9ABB6201F3B4400E1546C /* Products */,
			);
			sourceTree = "<group>";
		};
		D7C9ABB6201F3B4400E1546C /* Products */ = {
			isa = PBXGroup;
			children = (
				D7C9ABB5201F3B4400E1546C /* SearchHistoryMediator.app */,
				D7C9ABC9201F3B4500E1546C /* SearchHistoryMediatorTests.xctest */,
			);
			name = Products;
			sourceTree = "<group>";
		};
		D7C9ABB7201F3B4400E1546C /* SearchHistoryMediator */ = {
			isa = PBXGroup;
			children = (
				D7C9ABB8201F3B4400E1546C /* AppDelegate.swift */,
				D7C9ABBA201F3B4400E1546C /* SampleViewController.swift */,
				D7D59E4120206C5F00F4AA96 /* SeachHistoryView.swift */,
				D7C9ABD8201F3BD300E1546C /* SearchHistoryMediator.swift */,
				D7D59E47202073F500F4AA96 /* InMemoryHistoryRepository.swift */,
				D75425762020B59E007E0811 /* Supporting Files */,
			);
			path = SearchHistoryMediator;
			sourceTree = "<group>";
		};
		D7C9ABCC201F3B4500E1546C /* SearchHistoryMediatorTests */ = {
			isa = PBXGroup;
			children = (
				D7C9ABCD201F3B4500E1546C /* SearchHistoryMediatorTests.swift */,
				D7D59E4320206CDA00F4AA96 /* SearchHistoryViewTests.swift */,
				D7D59E452020739300F4AA96 /* InMemoryHistoryRepositoryTests.swift */,
				D7D59E492020768800F4AA96 /* SampleViewControllerTests.swift */,
				D7C9ABCF201F3B4500E1546C /* Info.plist */,
			);
			path = SearchHistoryMediatorTests;
			sourceTree = "<group>";
		};
/* End PBXGroup section */

/* Begin PBXNativeTarget section */
		D7C9ABB4201F3B4400E1546C /* SearchHistoryMediator */ = {
			isa = PBXNativeTarget;
			buildConfigurationList = D7C9ABD2201F3B4500E1546C /* Build configuration list for PBXNativeTarget "SearchHistoryMediator" */;
			buildPhases = (
				D7C9ABB1201F3B4400E1546C /* Sources */,
				D7C9ABB2201F3B4400E1546C /* Frameworks */,
				D7C9ABB3201F3B4400E1546C /* Resources */,
			);
			buildRules = (
			);
			dependencies = (
			);
			name = SearchHistoryMediator;
			productName = Mediator;
			productReference = D7C9ABB5201F3B4400E1546C /* SearchHistoryMediator.app */;
			productType = "com.apple.product-type.application";
		};
		D7C9ABC8201F3B4500E1546C /* SearchHistoryMediatorTests */ = {
			isa = PBXNativeTarget;
			buildConfigurationList = D7C9ABD5201F3B4500E1546C /* Build configuration list for PBXNativeTarget "SearchHistoryMediatorTests" */;
			buildPhases = (
				D7C9ABC5201F3B4500E1546C /* Sources */,
				D7C9ABC6201F3B4500E1546C /* Frameworks */,
				D7C9ABC7201F3B4500E1546C /* Resources */,
			);
			buildRules = (
			);
			dependencies = (
				D7C9ABCB201F3B4500E1546C /* PBXTargetDependency */,
			);
			name = SearchHistoryMediatorTests;
			productName = MediatorTests;
			productReference = D7C9ABC9201F3B4500E1546C /* SearchHistoryMediatorTests.xctest */;
			productType = "com.apple.product-type.bundle.unit-test";
		};
/* End PBXNativeTarget section */

/* Begin PBXProject section */
		D7C9ABAD201F3B4400E1546C /* Project object */ = {
			isa = PBXProject;
			attributes = {
				LastSwiftUpdateCheck = 0920;
				LastUpgradeCheck = 0920;
				ORGANIZATIONNAME = "Vadim Bulavin";
				TargetAttributes = {
					D7C9ABB4201F3B4400E1546C = {
						CreatedOnToolsVersion = 9.2;
						ProvisioningStyle = Automatic;
					};
					D7C9ABC8201F3B4500E1546C = {
						CreatedOnToolsVersion = 9.2;
						ProvisioningStyle = Automatic;
						TestTargetID = D7C9ABB4201F3B4400E1546C;
					};
				};
			};
			buildConfigurationList = D7C9ABB0201F3B4400E1546C /* Build configuration list for PBXProject "SearchHistoryMediator" */;
			compatibilityVersion = "Xcode 8.0";
			developmentRegion = en;
			hasScannedForEncodings = 0;
			knownRegions = (
				en,
				Base,
			);
			mainGroup = D7C9ABAC201F3B4400E1546C;
			productRefGroup = D7C9ABB6201F3B4400E1546C /* Products */;
			projectDirPath = "";
			projectRoot = "";
			targets = (
				D7C9ABB4201F3B4400E1546C /* SearchHistoryMediator */,
				D7C9ABC8201F3B4500E1546C /* SearchHistoryMediatorTests */,
			);
		};
/* End PBXProject section */

/* Begin PBXResourcesBuildPhase section */
		D7C9ABB3201F3B4400E1546C /* Resources */ = {
			isa = PBXResourcesBuildPhase;
			buildActionMask = 2147483647;
			files = (
				D7C9ABC3201F3B4400E1546C /* LaunchScreen.storyboard in Resources */,
				D7C9ABC0201F3B4400E1546C /* Assets.xcassets in Resources */,
			);
			runOnlyForDeploymentPostprocessing = 0;
		};
		D7C9ABC7201F3B4500E1546C /* Resources */ = {
			isa = PBXResourcesBuildPhase;
			buildActionMask = 2147483647;
			files = (
			);
			runOnlyForDeploymentPostprocessing = 0;
		};
/* End PBXResourcesBuildPhase section */

/* Begin PBXSourcesBuildPhase section */
		D7C9ABB1201F3B4400E1546C /* Sources */ = {
			isa = PBXSourcesBuildPhase;
			buildActionMask = 2147483647;
			files = (
				D7C9ABBB201F3B4400E1546C /* SampleViewController.swift in Sources */,
				D7C9ABD9201F3BD300E1546C /* SearchHistoryMediator.swift in Sources */,
				D7D59E48202073F500F4AA96 /* InMemoryHistoryRepository.swift in Sources */,
				D7D59E4220206C5F00F4AA96 /* SeachHistoryView.swift in Sources */,
				D7C9ABB9201F3B4400E1546C /* AppDelegate.swift in Sources */,
			);
			runOnlyForDeploymentPostprocessing = 0;
		};
		D7C9ABC5201F3B4500E1546C /* Sources */ = {
			isa = PBXSourcesBuildPhase;
			buildActionMask = 2147483647;
			files = (
				D7D59E4420206CDA00F4AA96 /* SearchHistoryViewTests.swift in Sources */,
				D7C9ABCE201F3B4500E1546C /* SearchHistoryMediatorTests.swift in Sources */,
				D7D59E4A2020768800F4AA96 /* SampleViewControllerTests.swift in Sources */,
				D7D59E462020739300F4AA96 /* InMemoryHistoryRepositoryTests.swift in Sources */,
			);
			runOnlyForDeploymentPostprocessing = 0;
		};
/* End PBXSourcesBuildPhase section */

/* Begin PBXTargetDependency section */
		D7C9ABCB201F3B4500E1546C /* PBXTargetDependency */ = {
			isa = PBXTargetDependency;
			target = D7C9ABB4201F3B4400E1546C /* SearchHistoryMediator */;
			targetProxy = D7C9ABCA201F3B4500E1546C /* PBXContainerItemProxy */;
		};
/* End PBXTargetDependency section */

/* Begin PBXVariantGroup section */
		D7C9ABC1201F3B4400E1546C /* LaunchScreen.storyboard */ = {
			isa = PBXVariantGroup;
			children = (
				D7C9ABC2201F3B4400E1546C /* Base */,
			);
			name = LaunchScreen.storyboard;
			sourceTree = "<group>";
		};
/* End PBXVariantGroup section */

/* Begin XCBuildConfiguration section */
		D7C9ABD0201F3B4500E1546C /* Debug */ = {
			isa = XCBuildConfiguration;
			buildSettings = {
				ALWAYS_SEARCH_USER_PATHS = NO;
				CLANG_ANALYZER_NONNULL = YES;
				CLANG_ANALYZER_NUMBER_OBJECT_CONVERSION = YES_AGGRESSIVE;
				CLANG_CXX_LANGUAGE_STANDARD = "gnu++14";
				CLANG_CXX_LIBRARY = "libc++";
				CLANG_ENABLE_MODULES = YES;
				CLANG_ENABLE_OBJC_ARC = YES;
				CLANG_WARN_BLOCK_CAPTURE_AUTORELEASING = YES;
				CLANG_WARN_BOOL_CONVERSION = YES;
				CLANG_WARN_COMMA = YES;
				CLANG_WARN_CONSTANT_CONVERSION = YES;
				CLANG_WARN_DIRECT_OBJC_ISA_USAGE = YES_ERROR;
				CLANG_WARN_DOCUMENTATION_COMMENTS = YES;
				CLANG_WARN_EMPTY_BODY = YES;
				CLANG_WARN_ENUM_CONVERSION = YES;
				CLANG_WARN_INFINITE_RECURSION = YES;
				CLANG_WARN_INT_CONVERSION = YES;
				CLANG_WARN_NON_LITERAL_NULL_CONVERSION = YES;
				CLANG_WARN_OBJC_LITERAL_CONVERSION = YES;
				CLANG_WARN_OBJC_ROOT_CLASS = YES_ERROR;
				CLANG_WARN_RANGE_LOOP_ANALYSIS = YES;
				CLANG_WARN_STRICT_PROTOTYPES = YES;
				CLANG_WARN_SUSPICIOUS_MOVE = YES;
				CLANG_WARN_UNGUARDED_AVAILABILITY = YES_AGGRESSIVE;
				CLANG_WARN_UNREACHABLE_CODE = YES;
				CLANG_WARN__DUPLICATE_METHOD_MATCH = YES;
				CODE_SIGN_IDENTITY = "iPhone Developer";
				COPY_PHASE_STRIP = NO;
				DEBUG_INFORMATION_FORMAT = dwarf;
				ENABLE_STRICT_OBJC_MSGSEND = YES;
				ENABLE_TESTABILITY = YES;
				GCC_C_LANGUAGE_STANDARD = gnu11;
				GCC_DYNAMIC_NO_PIC = NO;
				GCC_NO_COMMON_BLOCKS = YES;
				GCC_OPTIMIZATION_LEVEL = 0;
				GCC_PREPROCESSOR_DEFINITIONS = (
					"DEBUG=1",
					"$(inherited)",
				);
				GCC_WARN_64_TO_32_BIT_CONVERSION = YES;
				GCC_WARN_ABOUT_RETURN_TYPE = YES_ERROR;
				GCC_WARN_UNDECLARED_SELECTOR = YES;
				GCC_WARN_UNINITIALIZED_AUTOS = YES_AGGRESSIVE;
				GCC_WARN_UNUSED_FUNCTION = YES;
				GCC_WARN_UNUSED_VARIABLE = YES;
				IPHONEOS_DEPLOYMENT_TARGET = 11.2;
				MTL_ENABLE_DEBUG_INFO = YES;
				ONLY_ACTIVE_ARCH = YES;
				SDKROOT = iphoneos;
				SWIFT_ACTIVE_COMPILATION_CONDITIONS = DEBUG;
				SWIFT_OPTIMIZATION_LEVEL = "-Onone";
			};
			name = Debug;
		};
		D7C9ABD1201F3B4500E1546C /* Release */ = {
			isa = XCBuildConfiguration;
			buildSettings = {
				ALWAYS_SEARCH_USER_PATHS = NO;
				CLANG_ANALYZER_NONNULL = YES;
				CLANG_ANALYZER_NUMBER_OBJECT_CONVERSION = YES_AGGRESSIVE;
				CLANG_CXX_LANGUAGE_STANDARD = "gnu++14";
				CLANG_CXX_LIBRARY = "libc++";
				CLANG_ENABLE_MODULES = YES;
				CLANG_ENABLE_OBJC_ARC = YES;
				CLANG_WARN_BLOCK_CAPTURE_AUTORELEASING = YES;
				CLANG_WARN_BOOL_CONVERSION = YES;
				CLANG_WARN_COMMA = YES;
				CLANG_WARN_CONSTANT_CONVERSION = YES;
				CLANG_WARN_DIRECT_OBJC_ISA_USAGE = YES_ERROR;
				CLANG_WARN_DOCUMENTATION_COMMENTS = YES;
				CLANG_WARN_EMPTY_BODY = YES;
				CLANG_WARN_ENUM_CONVERSION = YES;
				CLANG_WARN_INFINITE_RECURSION = YES;
				CLANG_WARN_INT_CONVERSION = YES;
				CLANG_WARN_NON_LITERAL_NULL_CONVERSION = YES;
				CLANG_WARN_OBJC_LITERAL_CONVERSION = YES;
				CLANG_WARN_OBJC_ROOT_CLASS = YES_ERROR;
				CLANG_WARN_RANGE_LOOP_ANALYSIS = YES;
				CLANG_WARN_STRICT_PROTOTYPES = YES;
				CLANG_WARN_SUSPICIOUS_MOVE = YES;
				CLANG_WARN_UNGUARDED_AVAILABILITY = YES_AGGRESSIVE;
				CLANG_WARN_UNREACHABLE_CODE = YES;
				CLANG_WARN__DUPLICATE_METHOD_MATCH = YES;
				CODE_SIGN_IDENTITY = "iPhone Developer";
				COPY_PHASE_STRIP = NO;
				DEBUG_INFORMATION_FORMAT = "dwarf-with-dsym";
				ENABLE_NS_ASSERTIONS = NO;
				ENABLE_STRICT_OBJC_MSGSEND = YES;
				GCC_C_LANGUAGE_STANDARD = gnu11;
				GCC_NO_COMMON_BLOCKS = YES;
				GCC_WARN_64_TO_32_BIT_CONVERSION = YES;
				GCC_WARN_ABOUT_RETURN_TYPE = YES_ERROR;
				GCC_WARN_UNDECLARED_SELECTOR = YES;
				GCC_WARN_UNINITIALIZED_AUTOS = YES_AGGRESSIVE;
				GCC_WARN_UNUSED_FUNCTION = YES;
				GCC_WARN_UNUSED_VARIABLE = YES;
				IPHONEOS_DEPLOYMENT_TARGET = 11.2;
				MTL_ENABLE_DEBUG_INFO = NO;
				SDKROOT = iphoneos;
				SWIFT_OPTIMIZATION_LEVEL = "-Owholemodule";
				VALIDATE_PRODUCT = YES;
			};
			name = Release;
		};
		D7C9ABD3201F3B4500E1546C /* Debug */ = {
			isa = XCBuildConfiguration;
			buildSettings = {
				ASSETCATALOG_COMPILER_APPICON_NAME = AppIcon;
				CODE_SIGN_STYLE = Automatic;
				INFOPLIST_FILE = "$(SRCROOT)/SearchHistoryMediator/Supporting Files/Info.plist";
				LD_RUNPATH_SEARCH_PATHS = "$(inherited) @executable_path/Frameworks";
				PRODUCT_BUNDLE_IDENTIFIER = orgid.Mediator;
				PRODUCT_NAME = "$(TARGET_NAME)";
				SWIFT_VERSION = 4.0;
				TARGETED_DEVICE_FAMILY = "1,2";
			};
			name = Debug;
		};
		D7C9ABD4201F3B4500E1546C /* Release */ = {
			isa = XCBuildConfiguration;
			buildSettings = {
				ASSETCATALOG_COMPILER_APPICON_NAME = AppIcon;
				CODE_SIGN_STYLE = Automatic;
				INFOPLIST_FILE = "$(SRCROOT)/SearchHistoryMediator/Supporting Files/Info.plist";
				LD_RUNPATH_SEARCH_PATHS = "$(inherited) @executable_path/Frameworks";
				PRODUCT_BUNDLE_IDENTIFIER = orgid.Mediator;
				PRODUCT_NAME = "$(TARGET_NAME)";
				SWIFT_VERSION = 4.0;
				TARGETED_DEVICE_FAMILY = "1,2";
			};
			name = Release;
		};
		D7C9ABD6201F3B4500E1546C /* Debug */ = {
			isa = XCBuildConfiguration;
			buildSettings = {
				ALWAYS_EMBED_SWIFT_STANDARD_LIBRARIES = YES;
				BUNDLE_LOADER = "$(TEST_HOST)";
				CODE_SIGN_STYLE = Automatic;
				INFOPLIST_FILE = SearchHistoryMediatorTests/Info.plist;
				LD_RUNPATH_SEARCH_PATHS = "$(inherited) @executable_path/Frameworks @loader_path/Frameworks";
				PRODUCT_BUNDLE_IDENTIFIER = orgid.MediatorTests;
				PRODUCT_NAME = "$(TARGET_NAME)";
				SWIFT_VERSION = 4.0;
				TARGETED_DEVICE_FAMILY = "1,2";
				TEST_HOST = "$(BUILT_PRODUCTS_DIR)/SearchHistoryMediator.app/SearchHistoryMediator";
			};
			name = Debug;
		};
		D7C9ABD7201F3B4500E1546C /* Release */ = {
			isa = XCBuildConfiguration;
			buildSettings = {
				ALWAYS_EMBED_SWIFT_STANDARD_LIBRARIES = YES;
				BUNDLE_LOADER = "$(TEST_HOST)";
				CODE_SIGN_STYLE = Automatic;
				INFOPLIST_FILE = SearchHistoryMediatorTests/Info.plist;
				LD_RUNPATH_SEARCH_PATHS = "$(inherited) @executable_path/Frameworks @loader_path/Frameworks";
				PRODUCT_BUNDLE_IDENTIFIER = orgid.MediatorTests;
				PRODUCT_NAME = "$(TARGET_NAME)";
				SWIFT_VERSION = 4.0;
				TARGETED_DEVICE_FAMILY = "1,2";
				TEST_HOST = "$(BUILT_PRODUCTS_DIR)/SearchHistoryMediator.app/SearchHistoryMediator";
			};
			name = Release;
		};
/* End XCBuildConfiguration section */

/* Begin XCConfigurationList section */
		D7C9ABB0201F3B4400E1546C /* Build configuration list for PBXProject "SearchHistoryMediator" */ = {
			isa = XCConfigurationList;
			buildConfigurations = (
				D7C9ABD0201F3B4500E1546C /* Debug */,
				D7C9ABD1201F3B4500E1546C /* Release */,
			);
			defaultConfigurationIsVisible = 0;
			defaultConfigurationName = Release;
		};
		D7C9ABD2201F3B4500E1546C /* Build configuration list for PBXNativeTarget "SearchHistoryMediator" */ = {
			isa = XCConfigurationList;
			buildConfigurations = (
				D7C9ABD3201F3B4500E1546C /* Debug */,
				D7C9ABD4201F3B4500E1546C /* Release */,
			);
			defaultConfigurationIsVisible = 0;
			defaultConfigurationName = Release;
		};
		D7C9ABD5201F3B4500E1546C /* Build configuration list for PBXNativeTarget "SearchHistoryMediatorTests" */ = {
			isa = XCConfigurationList;
			buildConfigurations = (
				D7C9ABD6201F3B4500E1546C /* Debug */,
				D7C9ABD7201F3B4500E1546C /* Release */,
			);
			defaultConfigurationIsVisible = 0;
			defaultConfigurationName = Release;
		};
/* End XCConfigurationList section */
	};
	rootObject = D7C9ABAD201F3B4400E1546C /* Project object */;
}
